
Microsoft Visual Studio Solution File, Format Version 12.00
# Visual Studio 14
VisualStudioVersion = 14.0.24720.0
MinimumVisualStudioVersion = 10.0.40219.1
Project("{8BC9CEB8-8B4A-11D0-8D11-00A0C91BC942}") = "LinearAlgebraLibrary", "LinearAlgebraLibrary\LinearAlgebraLibrary.vcxproj", "{E950D6B2-5E9E-45FE-8A4E-D4B3944D6049}"
EndProject
Project("{8BC9CEB8-8B4A-11D0-8D11-00A0C91BC942}") = "LinAlgTest", "LinAlgTest\LinAlgTest.vcxproj", "{8412A66C-DDAA-487F-9028-8B1FE30CB8D9}"
EndProject
Global
	GlobalSection(SolutionConfigurationPlatforms) = preSolution
		Debug|x64 = Debug|x64
		Debug|x86 = Debug|x86
		Release|x64 = Release|x64
		Release|x86 = Release|x86
	EndGlobalSection
	GlobalSection(ProjectConfigurationPlatforms) = postSolution
		{E950D6B2-5E9E-45FE-8A4E-D4B3944D6049}.Debug|x64.ActiveCfg = Debug|x64
		{E950D6B2-5E9E-45FE-8A4E-D4B3944D6049}.Debug|x64.Build.0 = Debug|x64
		{E950D6B2-5E9E-45FE-8A4E-D4B3944D6049}.Debug|x86.ActiveCfg = Debug|Win32
		{E950D6B2-5E9E-45FE-8A4E-D4B3944D6049}.Debug|x86.Build.0 = Debug|Win32
		{E950D6B2-5E9E-45FE-8A4E-D4B3944D6049}.Release|x64.ActiveCfg = Release|x64
		{E950D6B2-5E9E-45FE-8A4E-D4B3944D6049}.Release|x64.Build.0 = Release|x64
		{E950D6B2-5E9E-45FE-8A4E-D4B3944D6049}.Release|x86.ActiveCfg = Release|Win32
		{E950D6B2-5E9E-45FE-8A4E-D4B3944D6049}.Release|x86.Build.0 = Release|Win32
		{8412A66C-DDAA-487F-9028-8B1FE30CB8D9}.Debug|x64.ActiveCfg = Debug|x64
		{8412A66C-DDAA-487F-9028-8B1FE30CB8D9}.Debug|x64.Build.0 = Debug|x64
		{8412A66C-DDAA-487F-9028-8B1FE30CB8D9}.Debug|x86.ActiveCfg = Debug|Win32
		{8412A66C-DDAA-487F-9028-8B1FE30CB8D9}.Debug|x86.Build.0 = Debug|Win32
		{8412A66C-DDAA-487F-9028-8B1FE30CB8D9}.Release|x64.ActiveCfg = Release|x64
		{8412A66C-DDAA-487F-9028-8B1FE30CB8D9}.Release|x64.Build.0 = Release|x64
		{8412A66C-DDAA-487F-9028-8B1FE30CB8D9}.Release|x86.ActiveCfg = Release|Win32
		{8412A66C-DDAA-487F-9028-8B1FE30CB8D9}.Release|x86.Build.0 = Release|Win32
	EndGlobalSection
	GlobalSection(SolutionProperties) = preSolution
		HideSolutionNode = FALSE
	EndGlobalSection
EndGlobal
